
Microsoft Visual Studio Solution File, Format Version 12.00
# Visual Studio Version 17
VisualStudioVersion = 17.7.34024.191
MinimumVisualStudioVersion = 10.0.40219.1
Project("{2150E333-8FDC-42A3-9474-1A3956D46DE8}") = "src", "src", "{2DE7B23B-ADD3-44A0-A4D4-3E1E0F25382D}"
EndProject
Project("{9A19103F-16F7-4668-BE54-9A1E7A4F7556}") = "Shamsheer.Data", "src\Shamsheer.Data\Shamsheer.Data.csproj", "{5B8301F0-2533-4A0C-9138-D7437B1FCF1A}"
EndProject
Project("{9A19103F-16F7-4668-BE54-9A1E7A4F7556}") = "Shamsheer.Domain", "src\Shamsheer.Domain\Shamsheer.Domain.csproj", "{27C6B100-E32D-4955-BDB4-54678CA56B79}"
EndProject
Project("{9A19103F-16F7-4668-BE54-9A1E7A4F7556}") = "Shamsheer.Presentation", "src\Shamsheer.Presentation\Shamsheer.Presentation.csproj", "{A9B809DF-5539-4F57-A99C-D7C1F831F77B}"
EndProject
Project("{9A19103F-16F7-4668-BE54-9A1E7A4F7556}") = "Shamsheer.Service", "src\Shamsheer.Service\Shamsheer.Service.csproj", "{31B178AF-7413-439A-8F51-5D9DC4E62EB8}"
EndProject
Global
	GlobalSection(SolutionConfigurationPlatforms) = preSolution
		Debug|Any CPU = Debug|Any CPU
		Release|Any CPU = Release|Any CPU
	EndGlobalSection
	GlobalSection(ProjectConfigurationPlatforms) = postSolution
		{5B8301F0-2533-4A0C-9138-D7437B1FCF1A}.Debug|Any CPU.ActiveCfg = Debug|Any CPU
		{5B8301F0-2533-4A0C-9138-D7437B1FCF1A}.Debug|Any CPU.Build.0 = Debug|Any CPU
		{5B8301F0-2533-4A0C-9138-D7437B1FCF1A}.Release|Any CPU.ActiveCfg = Release|Any CPU
		{5B8301F0-2533-4A0C-9138-D7437B1FCF1A}.Release|Any CPU.Build.0 = Release|Any CPU
		{27C6B100-E32D-4955-BDB4-54678CA56B79}.Debug|Any CPU.ActiveCfg = Debug|Any CPU
		{27C6B100-E32D-4955-BDB4-54678CA56B79}.Debug|Any CPU.Build.0 = Debug|Any CPU
		{27C6B100-E32D-4955-BDB4-54678CA56B79}.Release|Any CPU.ActiveCfg = Release|Any CPU
		{27C6B100-E32D-4955-BDB4-54678CA56B79}.Release|Any CPU.Build.0 = Release|Any CPU
		{A9B809DF-5539-4F57-A99C-D7C1F831F77B}.Debug|Any CPU.ActiveCfg = Debug|Any CPU
		{A9B809DF-5539-4F57-A99C-D7C1F831F77B}.Debug|Any CPU.Build.0 = Debug|Any CPU
		{A9B809DF-5539-4F57-A99C-D7C1F831F77B}.Release|Any CPU.ActiveCfg = Release|Any CPU
		{A9B809DF-5539-4F57-A99C-D7C1F831F77B}.Release|Any CPU.Build.0 = Release|Any CPU
		{31B178AF-7413-439A-8F51-5D9DC4E62EB8}.Debug|Any CPU.ActiveCfg = Debug|Any CPU
		{31B178AF-7413-439A-8F51-5D9DC4E62EB8}.Debug|Any CPU.Build.0 = Debug|Any CPU
		{31B178AF-7413-439A-8F51-5D9DC4E62EB8}.Release|Any CPU.ActiveCfg = Release|Any CPU
		{31B178AF-7413-439A-8F51-5D9DC4E62EB8}.Release|Any CPU.Build.0 = Release|Any CPU
	EndGlobalSection
	GlobalSection(SolutionProperties) = preSolution
		HideSolutionNode = FALSE
	EndGlobalSection
	GlobalSection(NestedProjects) = preSolution
		{5B8301F0-2533-4A0C-9138-D7437B1FCF1A} = {2DE7B23B-ADD3-44A0-A4D4-3E1E0F25382D}
		{27C6B100-E32D-4955-BDB4-54678CA56B79} = {2DE7B23B-ADD3-44A0-A4D4-3E1E0F25382D}
		{A9B809DF-5539-4F57-A99C-D7C1F831F77B} = {2DE7B23B-ADD3-44A0-A4D4-3E1E0F25382D}
		{31B178AF-7413-439A-8F51-5D9DC4E62EB8} = {2DE7B23B-ADD3-44A0-A4D4-3E1E0F25382D}
	EndGlobalSection
	GlobalSection(ExtensibilityGlobals) = postSolution
		SolutionGuid = {5CDD918D-4F1E-4C8F-B5C1-1F68BE2A1D5C}
	EndGlobalSection
EndGlobal
